
Microsoft Visual Studio Solution File, Format Version 12.00
# Visual Studio Version 17
VisualStudioVersion = 17.1.32421.90
MinimumVisualStudioVersion = 10.0.40219.1
Project("{FAE04EC0-301F-11D3-BF4B-00C04F79EFBC}") = "JwtTutorial", "JwtTutorial.csproj", "{C640D102-A8F5-4E97-AA41-DD6A21E74DC3}"
EndProject
Global
	GlobalSection(SolutionConfigurationPlatforms) = preSolution
		Debug|Any CPU = Debug|Any CPU
		Release|Any CPU = Release|Any CPU
	EndGlobalSection
	GlobalSection(ProjectConfigurationPlatforms) = postSolution
		{C640D102-A8F5-4E97-AA41-DD6A21E74DC3}.Debug|Any CPU.ActiveCfg = Debug|Any CPU
		{C640D102-A8F5-4E97-AA41-DD6A21E74DC3}.Debug|Any CPU.Build.0 = Debug|Any CPU
		{C640D102-A8F5-4E97-AA41-DD6A21E74DC3}.Release|Any CPU.ActiveCfg = Release|Any CPU
		{C640D102-A8F5-4E97-AA41-DD6A21E74DC3}.Release|Any CPU.Build.0 = Release|Any CPU
	EndGlobalSection
	GlobalSection(SolutionProperties) = preSolution
		HideSolutionNode = FALSE
	EndGlobalSection
	GlobalSection(ExtensibilityGlobals) = postSolution
		SolutionGuid = {D8D50219-545D-4568-98F2-7E541E8B2CCA}
	EndGlobalSection
EndGlobal
